
Microsoft Visual Studio Solution File, Format Version 12.00
# Visual Studio Version 17
VisualStudioVersion = 17.10.35013.160
MinimumVisualStudioVersion = 10.0.40219.1
Project("{FAE04EC0-301F-11D3-BF4B-00C04F79EFBC}") = "theWindow", "theWindow\theWindow.csproj", "{D5B6341F-6C5C-4D02-A288-EDC8B89C0136}"
EndProject
Global
	GlobalSection(SolutionConfigurationPlatforms) = preSolution
		Debug|Any CPU = Debug|Any CPU
		Release|Any CPU = Release|Any CPU
	EndGlobalSection
	GlobalSection(ProjectConfigurationPlatforms) = postSolution
		{D5B6341F-6C5C-4D02-A288-EDC8B89C0136}.Debug|Any CPU.ActiveCfg = Debug|Any CPU
		{D5B6341F-6C5C-4D02-A288-EDC8B89C0136}.Debug|Any CPU.Build.0 = Debug|Any CPU
		{D5B6341F-6C5C-4D02-A288-EDC8B89C0136}.Release|Any CPU.ActiveCfg = Release|Any CPU
		{D5B6341F-6C5C-4D02-A288-EDC8B89C0136}.Release|Any CPU.Build.0 = Release|Any CPU
	EndGlobalSection
	GlobalSection(SolutionProperties) = preSolution
		HideSolutionNode = FALSE
	EndGlobalSection
	GlobalSection(ExtensibilityGlobals) = postSolution
		SolutionGuid = {B22E26E7-0DD5-4BD0-AB3D-226156DFD01A}
	EndGlobalSection
EndGlobal
